
Microsoft Visual Studio Solution File, Format Version 12.00
Project("{FAE04EC0-301F-11D3-BF4B-00C04F79EFBC}") = "Nullinside.Api.TwitchBot", "Nullinside.Api.TwitchBot\Nullinside.Api.TwitchBot.csproj", "{D0D392D6-ED1E-4652-B218-30208610B6CD}"
EndProject
Project("{2150E333-8FDC-42A3-9474-1A3956D46DE8}") = "Solution", "Solution", "{8CCA1BE8-31AB-4EB8-A266-D3C3E8153B64}"
	ProjectSection(SolutionItems) = preProject
		..\.github\workflows\codeql.yml = ..\.github\workflows\codeql.yml
		..\.gitignore = ..\.gitignore
		..\Dockerfile = ..\Dockerfile
		..\go.sh = ..\go.sh
		..\Jenkinsfile = ..\Jenkinsfile
		..\README.md = ..\README.md
	EndProjectSection
EndProject
Project("{FAE04EC0-301F-11D3-BF4B-00C04F79EFBC}") = "Nullinside.Api.Common", "nullinside-api\src\Nullinside.Api.Common\Nullinside.Api.Common.csproj", "{325B455C-594C-4CA4-82EC-CF31CB16F52A}"
EndProject
Project("{FAE04EC0-301F-11D3-BF4B-00C04F79EFBC}") = "Nullinside.Api.Common.AspNetCore", "nullinside-api\src\Nullinside.Api.Common.AspNetCore\Nullinside.Api.Common.AspNetCore.csproj", "{8D5EDEAC-2574-4A09-89C4-EE442C4C4A99}"
EndProject
Project("{FAE04EC0-301F-11D3-BF4B-00C04F79EFBC}") = "Nullinside.Api.Model", "nullinside-api\src\Nullinside.Api.Model\Nullinside.Api.Model.csproj", "{C6BFDB55-3354-4DFD-A362-F1B007AA0C63}"
EndProject
Project("{FAE04EC0-301F-11D3-BF4B-00C04F79EFBC}") = "Nullinside.Api", "nullinside-api\src\Nullinside.Api\Nullinside.Api.csproj", "{B82842B1-7FDA-4F93-B31E-07696A687381}"
EndProject
Project("{FAE04EC0-301F-11D3-BF4B-00C04F79EFBC}") = "Nullinside.Api.TwitchBot.Tests", "Nullinside.Api.TwitchBot.Tests\Nullinside.Api.TwitchBot.Tests.csproj", "{2CBAC21E-256B-493E-9461-7C779B137926}"
EndProject
Global
	GlobalSection(SolutionConfigurationPlatforms) = preSolution
		Debug|Any CPU = Debug|Any CPU
		Release|Any CPU = Release|Any CPU
	EndGlobalSection
	GlobalSection(ProjectConfigurationPlatforms) = postSolution
		{D0D392D6-ED1E-4652-B218-30208610B6CD}.Debug|Any CPU.ActiveCfg = Debug|Any CPU
		{D0D392D6-ED1E-4652-B218-30208610B6CD}.Debug|Any CPU.Build.0 = Debug|Any CPU
		{D0D392D6-ED1E-4652-B218-30208610B6CD}.Release|Any CPU.ActiveCfg = Release|Any CPU
		{D0D392D6-ED1E-4652-B218-30208610B6CD}.Release|Any CPU.Build.0 = Release|Any CPU
		{325B455C-594C-4CA4-82EC-CF31CB16F52A}.Debug|Any CPU.ActiveCfg = Debug|Any CPU
		{325B455C-594C-4CA4-82EC-CF31CB16F52A}.Debug|Any CPU.Build.0 = Debug|Any CPU
		{325B455C-594C-4CA4-82EC-CF31CB16F52A}.Release|Any CPU.ActiveCfg = Release|Any CPU
		{325B455C-594C-4CA4-82EC-CF31CB16F52A}.Release|Any CPU.Build.0 = Release|Any CPU
		{8D5EDEAC-2574-4A09-89C4-EE442C4C4A99}.Debug|Any CPU.ActiveCfg = Debug|Any CPU
		{8D5EDEAC-2574-4A09-89C4-EE442C4C4A99}.Debug|Any CPU.Build.0 = Debug|Any CPU
		{8D5EDEAC-2574-4A09-89C4-EE442C4C4A99}.Release|Any CPU.ActiveCfg = Release|Any CPU
		{8D5EDEAC-2574-4A09-89C4-EE442C4C4A99}.Release|Any CPU.Build.0 = Release|Any CPU
		{C6BFDB55-3354-4DFD-A362-F1B007AA0C63}.Debug|Any CPU.ActiveCfg = Debug|Any CPU
		{C6BFDB55-3354-4DFD-A362-F1B007AA0C63}.Debug|Any CPU.Build.0 = Debug|Any CPU
		{C6BFDB55-3354-4DFD-A362-F1B007AA0C63}.Release|Any CPU.ActiveCfg = Release|Any CPU
		{C6BFDB55-3354-4DFD-A362-F1B007AA0C63}.Release|Any CPU.Build.0 = Release|Any CPU
		{B82842B1-7FDA-4F93-B31E-07696A687381}.Debug|Any CPU.ActiveCfg = Debug|Any CPU
		{B82842B1-7FDA-4F93-B31E-07696A687381}.Debug|Any CPU.Build.0 = Debug|Any CPU
		{B82842B1-7FDA-4F93-B31E-07696A687381}.Release|Any CPU.ActiveCfg = Release|Any CPU
		{B82842B1-7FDA-4F93-B31E-07696A687381}.Release|Any CPU.Build.0 = Release|Any CPU
		{2CBAC21E-256B-493E-9461-7C779B137926}.Debug|Any CPU.ActiveCfg = Debug|Any CPU
		{2CBAC21E-256B-493E-9461-7C779B137926}.Debug|Any CPU.Build.0 = Debug|Any CPU
		{2CBAC21E-256B-493E-9461-7C779B137926}.Release|Any CPU.ActiveCfg = Release|Any CPU
		{2CBAC21E-256B-493E-9461-7C779B137926}.Release|Any CPU.Build.0 = Release|Any CPU
	EndGlobalSection
EndGlobal
